github.com/davecgh/go-spew v1.1.1 h1:vj9j/u1bqnvCEfJOwUhtlOARqs3+rkHYY13jYWTU97c=
github.com/davecgh/go-spew v1.1.1/go.mod h1:J7Y8YcW2NihsgmVo/mv3lAwl/skON4iLHjSsI+c5H38=
github.com/google/btree v1.0.0/go.mod h1:lNA+9X1NB3Zf8V7Ke586lFgjr2dZNuvo3lPJSGZ5JPQ=
github.com/google/btree v1.1.2 h1:xf4v41cLI2Z6FxbKm+8Bu+m8ifhj15JuZ9sa0jZCMUU=
github.com/google/btree v1.1.2/go.mod h1:qOPhT0dTNdNzV6Z/lhRX0YXUafgPLFUh+gZMl761Gm4=
github.com/google/go-cmp v0.6.0 h1:ofyhxvXcZhMsU5ulbFiLKl/XBFqE1GSq7atu8tAmTRI=
github.com/google/go-cmp v0.6.0/go.mod h1:17dUlkBOakJ0+DkrSSNjCkIjxS6bF9zb3elmeNGIjoY=
github.com/gopikchr/goldmark-pikchr v0.0.0-20240615035710-11e0b8fab5b9 h1:l1mRcZjOJ7UEQn1EUN7+KeHbLjTlIiSB+XwE96BccJM=
github.com/gopikchr/goldmark-pikchr v0.0.0-20240615035710-11e0b8fab5b9/go.mod h1:5B95v/HJiWlsBAtFYHx+qQVvGB6wLEhOPxtYGjVt/2A=
github.com/gopikchr/gopikchr v0.0.0-20221215031430-01a0b7befa01 h1:E4qOlkyAH58CfHKaWmTc1b37HbNUW3NTU1OmbFMfuII=
github.com/gopikchr/gopikchr v0.0.0-20221215031430-01a0b7befa01/go.mod h1:+41qUsJjoUOvysVJxMeX4dGhnTlvjJl6HYQAC2KHsV4=
github.com/landlock-lsm/go-landlock v0.0.0-20240715193425-db0c8d6f1dff h1:x3f7WnTbCmOl/pCqbb5UDFH1PqRNAAkn/xy5mwZJgoo=
github.com/landlock-lsm/go-landlock v0.0.0-20240715193425-db0c8d6f1dff/go.mod h1:ln1YHTUL4mGdRe14d/8nDEGF0ikfpiWK1yk20Txy490=
github.com/peterbourgon/diskv/v3 v3.0.1 h1:x06SQA46+PKIUftmEujdwSEpIx8kR+M9eLYsUxeYveU=
github.com/peterbourgon/diskv/v3 v3.0.1/go.mod h1:kJ5Ny7vLdARGU3WUuy6uzO6T0nb/2gWcT1JiBvRmb5o=
github.com/pmezard/go-difflib v1.0.0 h1:4DBwDE0NGyQoBHbLQYPwSUPoCMWR5BEzIk/f1lZbAQM=
github.com/pmezard/go-difflib v1.0.0/go.mod h1:iKH77koFhYxTK1pcRnkKkqfTogsbg7gZNVY4sRDYZ/4=
github.com/stretchr/testify v1.9.0 h1:HtqpIVDClZ4nwg75+f6Lvsy/wHu+3BoSGCbBAcpTsTg=
github.com/stretchr/testify v1.9.0/go.mod h1:r2ic/lqez/lEtzL7wO/rwa5dbSLXVDPFyf8C91i36aY=
github.com/yuin/goldmark v1.7.4 h1:BDXOHExt+A7gwPCJgPIIq7ENvceR7we7rOS9TNoLZeg=
github.com/yuin/goldmark v1.7.4/go.mod h1:uzxRWxtg69N339t3louHJ7+O03ezfj6PlliRlaOzY1E=
golang.org/x/sys v0.22.0 h1:RI27ohtqKCnwULzJLqkv897zojh5/DwS/ENaMzUOaWI=
golang.org/x/sys v0.22.0/go.mod h1:/VUhepiaJMQUp4+oa/7Zr1D23ma6VTLIYjOOTFZPUcA=
gopkg.in/yaml.v3 v3.0.1 h1:fxVm/GzAzEWqLHuvctI91KS9hhNmmWOoWu0XTYJS7CA=
gopkg.in/yaml.v3 v3.0.1/go.mod h1:K4uyk7z7BCEPqu6E+C64Yfv1cQ7kz7rIZviUmN+EgEM=
kernel.org/pub/linux/libs/security/libcap/psx v1.2.70 h1:HsB2G/rEQiYyo1bGoQqHZ/Bvd6x1rERQTNdPr1FyWjI=
kernel.org/pub/linux/libs/security/libcap/psx v1.2.70/go.mod h1:+l6Ee2F59XiJ2I6WR5ObpC1utCQJZ/VLsEbQCD8RG24=
